
Microsoft Visual Studio Solution File, Format Version 12.00
# Visual Studio 15
VisualStudioVersion = 15.0.26730.16
MinimumVisualStudioVersion = 10.0.40219.1
Project("{FAE04EC0-301F-11D3-BF4B-00C04F79EFBC}") = "FileSystemWatcherMemoryCache", "FileSystemWatcherMemoryCache.csproj", "{DCDD5DA9-0199-45DA-8D99-66FC40820779}"
EndProject
Global
	GlobalSection(SolutionConfigurationPlatforms) = preSolution
		Debug|Any CPU = Debug|Any CPU
		Release|Any CPU = Release|Any CPU
	EndGlobalSection
	GlobalSection(ProjectConfigurationPlatforms) = postSolution
		{DCDD5DA9-0199-45DA-8D99-66FC40820779}.Debug|Any CPU.ActiveCfg = Debug|Any CPU
		{DCDD5DA9-0199-45DA-8D99-66FC40820779}.Debug|Any CPU.Build.0 = Debug|Any CPU
		{DCDD5DA9-0199-45DA-8D99-66FC40820779}.Release|Any CPU.ActiveCfg = Release|Any CPU
		{DCDD5DA9-0199-45DA-8D99-66FC40820779}.Release|Any CPU.Build.0 = Release|Any CPU
	EndGlobalSection
	GlobalSection(SolutionProperties) = preSolution
		HideSolutionNode = FALSE
	EndGlobalSection
	GlobalSection(ExtensibilityGlobals) = postSolution
		SolutionGuid = {77F09443-26DA-4080-BE40-54E5137511BB}
	EndGlobalSection
EndGlobal
